
Microsoft Visual Studio Solution File, Format Version 12.00
# Visual Studio 2013
VisualStudioVersion = 12.0.21005.1
MinimumVisualStudioVersion = 10.0.40219.1
Project("{FAE04EC0-301F-11D3-BF4B-00C04F79EFBC}") = "SSO.Client", "SSO.Client\SSO.Client.csproj", "{1138B287-7D05-4435-80CE-39E483A197AB}"
EndProject
Project("{FAE04EC0-301F-11D3-BF4B-00C04F79EFBC}") = "WebApp.Dashboard", "WebApp.Dashboard\WebApp.Dashboard.csproj", "{F22AFB6E-8D4A-4B1E-8208-8F3BA1E69F32}"
EndProject
Project("{FAE04EC0-301F-11D3-BF4B-00C04F79EFBC}") = "WebApp.LaunchPad", "WebApp.LaunchPad\WebApp.LaunchPad.csproj", "{CF4C2D42-3781-40D3-9427-8E28C675FC56}"
EndProject
Global
	GlobalSection(SolutionConfigurationPlatforms) = preSolution
		Debug|Any CPU = Debug|Any CPU
		Release|Any CPU = Release|Any CPU
	EndGlobalSection
	GlobalSection(ProjectConfigurationPlatforms) = postSolution
		{1138B287-7D05-4435-80CE-39E483A197AB}.Debug|Any CPU.ActiveCfg = Debug|Any CPU
		{1138B287-7D05-4435-80CE-39E483A197AB}.Debug|Any CPU.Build.0 = Debug|Any CPU
		{1138B287-7D05-4435-80CE-39E483A197AB}.Release|Any CPU.ActiveCfg = Release|Any CPU
		{1138B287-7D05-4435-80CE-39E483A197AB}.Release|Any CPU.Build.0 = Release|Any CPU
		{F22AFB6E-8D4A-4B1E-8208-8F3BA1E69F32}.Debug|Any CPU.ActiveCfg = Debug|Any CPU
		{F22AFB6E-8D4A-4B1E-8208-8F3BA1E69F32}.Debug|Any CPU.Build.0 = Debug|Any CPU
		{F22AFB6E-8D4A-4B1E-8208-8F3BA1E69F32}.Release|Any CPU.ActiveCfg = Release|Any CPU
		{F22AFB6E-8D4A-4B1E-8208-8F3BA1E69F32}.Release|Any CPU.Build.0 = Release|Any CPU
		{CF4C2D42-3781-40D3-9427-8E28C675FC56}.Debug|Any CPU.ActiveCfg = Debug|Any CPU
		{CF4C2D42-3781-40D3-9427-8E28C675FC56}.Debug|Any CPU.Build.0 = Debug|Any CPU
		{CF4C2D42-3781-40D3-9427-8E28C675FC56}.Release|Any CPU.ActiveCfg = Release|Any CPU
		{CF4C2D42-3781-40D3-9427-8E28C675FC56}.Release|Any CPU.Build.0 = Release|Any CPU
	EndGlobalSection
	GlobalSection(SolutionProperties) = preSolution
		HideSolutionNode = FALSE
	EndGlobalSection
EndGlobal
